# This file is autogenerated, do not edit; changes may be undone by the next 'dep ensure'.


[[projects]]
  branch = "master"
  name = "github.com/golang/glog"
  packages = ["."]
  revision = "23def4e6c14b4da8ac2ed8007337bc5eb5007998"

[[projects]]
  name = "github.com/inconshreveable/mousetrap"
  packages = ["."]
  revision = "76626ae9c91c4f2a10f34cad8ce83ea42c93bb75"
  version = "v1.0"

[[projects]]
  name = "github.com/spf13/cobra"
  packages = ["."]
  revision = "7b2c5ac9fc04fc5efafb60700713d4fa609b777b"
  version = "v0.0.1"

[[projects]]
  name = "github.com/spf13/pflag"
  packages = ["."]
  revision = "e57e3eeb33f795204c1ca35f56c44f83227c6e66"
  version = "v1.0.0"

[[projects]]
  branch = "master"
  name = "k8s.io/apimachinery"
  packages = ["pkg/util/runtime","pkg/util/wait"]
  revision = "8259d997cf059cd83dc47e5f8074b7a7d7967c09"

[[projects]]
  branch = "master"
  name = "k8s.io/apiserver"
  packages = ["pkg/util/logs"]
  revision = "7b3fec31ba4859d9a111bd3d0f928eac5b207d36"

[[projects]]
  name = "k8s.io/client-go"
  packages = ["util/homedir"]
  revision = "78700dec6369ba22221b72770783300f143df150"
  version = "v6.0.0"

[solve-meta]
  analyzer-name = "dep"
  analyzer-version = 1
  inputs-digest = "155d872e124fb1f61315053e1ee83eefb7454204701312562b379f0a14c84da7"
  solver-name = "gps-cdcl"
  solver-version = 1
